
Microsoft Visual Studio Solution File, Format Version 12.00
# Visual Studio 15
VisualStudioVersion = 15.0.28307.1082
MinimumVisualStudioVersion = 10.0.40219.1
Project("{FAE04EC0-301F-11D3-BF4B-00C04F79EFBC}") = "MyLib", "MyLib\MyLib.csproj", "{12D49288-9B5F-4BF5-BB88-B48983FE5111}"
EndProject
Project("{FAE04EC0-301F-11D3-BF4B-00C04F79EFBC}") = "ConsoleMySin", "ConsoleMySin\ConsoleMySin.csproj", "{4DCDCEDE-2E17-4D5A-8375-833192D3E320}"
EndProject
Project("{FAE04EC0-301F-11D3-BF4B-00C04F79EFBC}") = "ConsolePart1", "ConsolePart1\ConsolePart1.csproj", "{12485BBD-4C0B-46EA-846B-439714CA525C}"
EndProject
Project("{FAE04EC0-301F-11D3-BF4B-00C04F79EFBC}") = "ConsolePart2", "ConsolePart2\ConsolePart2.csproj", "{5DF5946D-D6ED-4526-A425-5BC2EC451E65}"
EndProject
Project("{FAE04EC0-301F-11D3-BF4B-00C04F79EFBC}") = "ConsolePart3", "ConsolePart3\ConsolePart3.csproj", "{81018B71-EA67-4095-97A9-FD0A3CC49E9E}"
EndProject
Global
	GlobalSection(SolutionConfigurationPlatforms) = preSolution
		Debug|Any CPU = Debug|Any CPU
		Release|Any CPU = Release|Any CPU
	EndGlobalSection
	GlobalSection(ProjectConfigurationPlatforms) = postSolution
		{12D49288-9B5F-4BF5-BB88-B48983FE5111}.Debug|Any CPU.ActiveCfg = Debug|Any CPU
		{12D49288-9B5F-4BF5-BB88-B48983FE5111}.Debug|Any CPU.Build.0 = Debug|Any CPU
		{12D49288-9B5F-4BF5-BB88-B48983FE5111}.Release|Any CPU.ActiveCfg = Release|Any CPU
		{12D49288-9B5F-4BF5-BB88-B48983FE5111}.Release|Any CPU.Build.0 = Release|Any CPU
		{4DCDCEDE-2E17-4D5A-8375-833192D3E320}.Debug|Any CPU.ActiveCfg = Debug|Any CPU
		{4DCDCEDE-2E17-4D5A-8375-833192D3E320}.Debug|Any CPU.Build.0 = Debug|Any CPU
		{4DCDCEDE-2E17-4D5A-8375-833192D3E320}.Release|Any CPU.ActiveCfg = Release|Any CPU
		{4DCDCEDE-2E17-4D5A-8375-833192D3E320}.Release|Any CPU.Build.0 = Release|Any CPU
		{12485BBD-4C0B-46EA-846B-439714CA525C}.Debug|Any CPU.ActiveCfg = Debug|Any CPU
		{12485BBD-4C0B-46EA-846B-439714CA525C}.Debug|Any CPU.Build.0 = Debug|Any CPU
		{12485BBD-4C0B-46EA-846B-439714CA525C}.Release|Any CPU.ActiveCfg = Release|Any CPU
		{12485BBD-4C0B-46EA-846B-439714CA525C}.Release|Any CPU.Build.0 = Release|Any CPU
		{5DF5946D-D6ED-4526-A425-5BC2EC451E65}.Debug|Any CPU.ActiveCfg = Debug|Any CPU
		{5DF5946D-D6ED-4526-A425-5BC2EC451E65}.Debug|Any CPU.Build.0 = Debug|Any CPU
		{5DF5946D-D6ED-4526-A425-5BC2EC451E65}.Release|Any CPU.ActiveCfg = Release|Any CPU
		{5DF5946D-D6ED-4526-A425-5BC2EC451E65}.Release|Any CPU.Build.0 = Release|Any CPU
		{81018B71-EA67-4095-97A9-FD0A3CC49E9E}.Debug|Any CPU.ActiveCfg = Debug|Any CPU
		{81018B71-EA67-4095-97A9-FD0A3CC49E9E}.Debug|Any CPU.Build.0 = Debug|Any CPU
		{81018B71-EA67-4095-97A9-FD0A3CC49E9E}.Release|Any CPU.ActiveCfg = Release|Any CPU
		{81018B71-EA67-4095-97A9-FD0A3CC49E9E}.Release|Any CPU.Build.0 = Release|Any CPU
	EndGlobalSection
	GlobalSection(SolutionProperties) = preSolution
		HideSolutionNode = FALSE
	EndGlobalSection
	GlobalSection(ExtensibilityGlobals) = postSolution
		SolutionGuid = {D2486E23-A158-4E01-AF10-B8B0C87D4DBC}
	EndGlobalSection
EndGlobal
